<?xml version="1.0" encoding="utf-8"?>
<Project ToolsVersion="4.0" xmlns="http://schemas.microsoft.com/developer/msbuild/2003">
  <ItemGroup>
    <Filter Include="Shader">
      <UniqueIdentifier>{01df289a-9761-48d8-b02f-bd75fbb75e57}</UniqueIdentifier>
    </Filter>
  </ItemGroup>
  <ItemGroup>
    <FxCompile Include="FadeShader_Black.fx">
      <Filter>Shader</Filter>
    </FxCompile>
    <FxCompile Include="FadeShader_White.fx">
      <Filter>Shader</Filter>
    </FxCompile>
  </ItemGroup>
  <ItemGroup>
    <None Include="ContentShaderBase.hlsli">
      <Filter>Shader</Filter>
    </None>
  </ItemGroup>
</Project>