<?xml version="1.0" encoding="utf-8"?>
<Project ToolsVersion="4.0" xmlns="http://schemas.microsoft.com/developer/msbuild/2003">
  <ItemGroup>
    <ClInclude Include="PreCompile.h">
      <Filter>PreCompile</Filter>
    </ClInclude>
    <ClInclude Include="GameCore.h">
      <Filter>Core</Filter>
    </ClInclude>
    <ClInclude Include="TitleMode.h">
      <Filter>Level</Filter>
    </ClInclude>
    <ClInclude Include="Player.h">
      <Filter>Level\Object</Filter>
    </ClInclude>
    <ClInclude Include="BackGround.h">
      <Filter>Level\Object</Filter>
    </ClInclude>
  </ItemGroup>
  <ItemGroup>
    <ClCompile Include="PreCompile.cpp">
      <Filter>PreCompile</Filter>
    </ClCompile>
    <ClCompile Include="GameCore.cpp">
      <Filter>Core</Filter>
    </ClCompile>
    <ClCompile Include="TitleMode.cpp">
      <Filter>Level</Filter>
    </ClCompile>
    <ClCompile Include="Player.cpp">
      <Filter>Level\Object</Filter>
    </ClCompile>
    <ClCompile Include="BackGround.cpp">
      <Filter>Level\Object</Filter>
    </ClCompile>
  </ItemGroup>
  <ItemGroup>
    <Filter Include="PreCompile">
      <UniqueIdentifier>{fd605e94-9bdf-4d18-b7b0-0828847b38ce}</UniqueIdentifier>
    </Filter>
    <Filter Include="Level">
      <UniqueIdentifier>{cc273b67-3995-4d04-a850-6a50a35d6542}</UniqueIdentifier>
    </Filter>
    <Filter Include="Core">
      <UniqueIdentifier>{bd6b4b12-182c-47a0-85ac-35582cac0e36}</UniqueIdentifier>
    </Filter>
    <Filter Include="Level\Object">
      <UniqueIdentifier>{6267f4e0-8c63-42b9-952b-2a66a73d5dfa}</UniqueIdentifier>
    </Filter>
  </ItemGroup>
</Project>